%{"comeonin": {:hex, :comeonin, "2.6.0", "74c288338b33205f9ce97e2117bb9a2aaab103a1811d243443d76fdb62f904ac", [:make, :mix], []},
  "distributed_test": {:hex, :distributed_test, "0.2.4", "0683bccf1432e8705b98a4b9f77ba42619b4e843f77ae666f32bbdf622db4d37", [:mix], []},
  "uuid": {:hex, :uuid, "1.1.6", "4927232f244e69c6e255643014c2d639dad5b8313dc2a6976ee1c3724e6ca60d", [:mix], []}}
